
Microsoft Visual Studio Solution File, Format Version 12.00
# Visual Studio Version 17
VisualStudioVersion = 17.13.35806.99 d17.13
MinimumVisualStudioVersion = 10.0.40219.1
Project("{FAE04EC0-301F-11D3-BF4B-00C04F79EFBC}") = "CompiladorLA_II", "CompiladorLA_II\CompiladorLA_II.csproj", "{DF849D8C-DD1C-4CF3-9FF4-F8FE65385DAA}"
EndProject
Global
	GlobalSection(SolutionConfigurationPlatforms) = preSolution
		Debug|Any CPU = Debug|Any CPU
		Release|Any CPU = Release|Any CPU
	EndGlobalSection
	GlobalSection(ProjectConfigurationPlatforms) = postSolution
		{DF849D8C-DD1C-4CF3-9FF4-F8FE65385DAA}.Debug|Any CPU.ActiveCfg = Debug|Any CPU
		{DF849D8C-DD1C-4CF3-9FF4-F8FE65385DAA}.Debug|Any CPU.Build.0 = Debug|Any CPU
		{DF849D8C-DD1C-4CF3-9FF4-F8FE65385DAA}.Release|Any CPU.ActiveCfg = Release|Any CPU
		{DF849D8C-DD1C-4CF3-9FF4-F8FE65385DAA}.Release|Any CPU.Build.0 = Release|Any CPU
	EndGlobalSection
	GlobalSection(SolutionProperties) = preSolution
		HideSolutionNode = FALSE
	EndGlobalSection
	GlobalSection(ExtensibilityGlobals) = postSolution
		SolutionGuid = {06FE76B1-F53C-4B61-A216-6BC994161BAC}
	EndGlobalSection
EndGlobal
